// !$*UTF8*$!
{
	archiveVersion = 1;
	classes = {
	};
	objectVersion = 52;
	objects = {

/* Begin PBXBuildFile section */
		5203024125DE295C00EC5C70 /* England_freeopenvpn_udp.ovpn in Resources */ = {isa = PBXBuildFile; fileRef = 5203024025DE295C00EC5C70 /* England_freeopenvpn_udp.ovpn */; };
		5203024425DE2CBE00EC5C70 /* voxen2.ovpn in Resources */ = {isa = PBXBuildFile; fileRef = 5203024325DE2CBE00EC5C70 /* voxen2.ovpn */; };
		5203024825DE308600EC5C70 /* vpngate_219.100.37.198_udp_1195.ovpn in Resources */ = {isa = PBXBuildFile; fileRef = 5203024725DE308600EC5C70 /* vpngate_219.100.37.198_udp_1195.ovpn */; };
		523B687425C9784B0058EF0D /* PacketTunnelProvider.swift in Sources */ = {isa = PBXBuildFile; fileRef = 523B687325C9784B0058EF0D /* PacketTunnelProvider.swift */; };
		523DD31E25C3BCFB00C62C53 /* LogINViewController.swift in Sources */ = {isa = PBXBuildFile; fileRef = 523DD31D25C3BCFB00C62C53 /* LogINViewController.swift */; };
		523DD32325C3CC7000C62C53 /* SwiftJWT in Frameworks */ = {isa = PBXBuildFile; productRef = 523DD32225C3CC7000C62C53 /* SwiftJWT */; };
		523DD32825C3F08F00C62C53 /* Service.swift in Sources */ = {isa = PBXBuildFile; fileRef = 523DD32725C3F08F00C62C53 /* Service.swift */; };
		523DD32B25C3F0E100C62C53 /* Alamofire in Frameworks */ = {isa = PBXBuildFile; productRef = 523DD32A25C3F0E100C62C53 /* Alamofire */; };
		523DD32D25C3F3DC00C62C53 /* ServerData.swift in Sources */ = {isa = PBXBuildFile; fileRef = 523DD32C25C3F3DC00C62C53 /* ServerData.swift */; };
		523DD33025C4305400C62C53 /* OpenVPNAdapter in Frameworks */ = {isa = PBXBuildFile; productRef = 523DD32F25C4305400C62C53 /* OpenVPNAdapter */; };
		523DD33425C4318000C62C53 /* ExternalAccessory.framework in Frameworks */ = {isa = PBXBuildFile; fileRef = 523DD33325C4318000C62C53 /* ExternalAccessory.framework */; };
		524BF6B925CE918600FA65CA /* USA_freeopenvpn_udp.ovpn in Resources */ = {isa = PBXBuildFile; fileRef = 524BF6B825CE918600FA65CA /* USA_freeopenvpn_udp.ovpn */; };
		5252BD2F25B0032D002C8E78 /* ServerViewController.swift in Sources */ = {isa = PBXBuildFile; fileRef = 5252BD2E25B0032D002C8E78 /* ServerViewController.swift */; };
		5252BD3125B0159C002C8E78 /* Server.swift in Sources */ = {isa = PBXBuildFile; fileRef = 5252BD3025B0159C002C8E78 /* Server.swift */; };
		526C0B5925C7BAF60097F5B7 /* NeedHelpViewController.swift in Sources */ = {isa = PBXBuildFile; fileRef = 526C0B5825C7BAF60097F5B7 /* NeedHelpViewController.swift */; };
		526C0B6125C7D9FC0097F5B7 /* VpnManager.swift in Sources */ = {isa = PBXBuildFile; fileRef = 526C0B6025C7D9FC0097F5B7 /* VpnManager.swift */; };
		526C0B6A25C7F7A50097F5B7 /* JwtGenerator.swift in Sources */ = {isa = PBXBuildFile; fileRef = 526C0B6925C7F7A50097F5B7 /* JwtGenerator.swift */; };
		526C0B6D25C80CE00097F5B7 /* Reachability.swift in Sources */ = {isa = PBXBuildFile; fileRef = 526C0B6C25C80CE00097F5B7 /* Reachability.swift */; };
		5282878925C9202300CB0133 /* GetConnectionInfo.swift in Sources */ = {isa = PBXBuildFile; fileRef = 5282878825C9202300CB0133 /* GetConnectionInfo.swift */; };
		528287E825C933E600CB0133 /* NetworkExtension.framework in Frameworks */ = {isa = PBXBuildFile; fileRef = 52EEEAD025C82E3A00A3DE7E /* NetworkExtension.framework */; };
		528287EB25C933E600CB0133 /* PacketTunnelProvider.swift in Sources */ = {isa = PBXBuildFile; fileRef = 528287EA25C933E600CB0133 /* PacketTunnelProvider.swift */; };
		528287F025C933E600CB0133 /* VPNTunnel.appex in Embed App Extensions */ = {isa = PBXBuildFile; fileRef = 528287E725C933E600CB0133 /* VPNTunnel.appex */; settings = {ATTRIBUTES = (RemoveHeadersOnCopy, ); }; };
		528287F825C9344D00CB0133 /* OpenVPNAdapter in Frameworks */ = {isa = PBXBuildFile; productRef = 528287F725C9344D00CB0133 /* OpenVPNAdapter */; };
		528287FC25C9371E00CB0133 /* SwiftJWT in Frameworks */ = {isa = PBXBuildFile; productRef = 528287FB25C9371E00CB0133 /* SwiftJWT */; };
		528287FE25C9372200CB0133 /* SwiftyJSON in Frameworks */ = {isa = PBXBuildFile; productRef = 528287FD25C9372200CB0133 /* SwiftyJSON */; };
		5282880025C9372600CB0133 /* Alamofire in Frameworks */ = {isa = PBXBuildFile; productRef = 528287FF25C9372600CB0133 /* Alamofire */; };
		5282880125C9375300CB0133 /* ExternalAccessory.framework in Frameworks */ = {isa = PBXBuildFile; fileRef = 523DD33325C4318000C62C53 /* ExternalAccessory.framework */; };
		5282880625C9379F00CB0133 /* Pods_PhoenixVPN.framework in Embed Frameworks */ = {isa = PBXBuildFile; fileRef = 5282880425C9379F00CB0133 /* Pods_PhoenixVPN.framework */; settings = {ATTRIBUTES = (CodeSignOnCopy, RemoveHeadersOnCopy, ); }; };
		529A3BFB25D2CBF80079B426 /* Server1-UDP53.ovpn in Resources */ = {isa = PBXBuildFile; fileRef = 529A3BFA25D2CBF70079B426 /* Server1-UDP53.ovpn */; };
		529A3BFE25D2CF5B0079B426 /* ec2amaz-4kduhtb_openvpn_remote_access_l3.ovpn in Resources */ = {isa = PBXBuildFile; fileRef = 529A3BFD25D2CF5B0079B426 /* ec2amaz-4kduhtb_openvpn_remote_access_l3.ovpn */; };
		529A3C0125D2CFAF0079B426 /* Server1-TCP80.ovpn in Resources */ = {isa = PBXBuildFile; fileRef = 529A3C0025D2CFAE0079B426 /* Server1-TCP80.ovpn */; };
		52D326FF25AFFEBC00E69A5E /* AppDelegate.swift in Sources */ = {isa = PBXBuildFile; fileRef = 52D326FE25AFFEBC00E69A5E /* AppDelegate.swift */; };
		52D3270125AFFEBC00E69A5E /* SceneDelegate.swift in Sources */ = {isa = PBXBuildFile; fileRef = 52D3270025AFFEBC00E69A5E /* SceneDelegate.swift */; };
		52D3270325AFFEBC00E69A5E /* ViewController.swift in Sources */ = {isa = PBXBuildFile; fileRef = 52D3270225AFFEBC00E69A5E /* ViewController.swift */; };
		52D3270625AFFEBC00E69A5E /* Main.storyboard in Resources */ = {isa = PBXBuildFile; fileRef = 52D3270425AFFEBC00E69A5E /* Main.storyboard */; };
		52D3270825AFFEBE00E69A5E /* Assets.xcassets in Resources */ = {isa = PBXBuildFile; fileRef = 52D3270725AFFEBE00E69A5E /* Assets.xcassets */; };
		52D3270B25AFFEBE00E69A5E /* LaunchScreen.storyboard in Resources */ = {isa = PBXBuildFile; fileRef = 52D3270925AFFEBE00E69A5E /* LaunchScreen.storyboard */; };
		52E2EA2125C71B6E00EC98AF /* jwt-key.pub in Resources */ = {isa = PBXBuildFile; fileRef = 52E2EA2025C71B6E00EC98AF /* jwt-key.pub */; };
		52E2EA2425C71B7B00EC98AF /* jwt-key.ppk in Resources */ = {isa = PBXBuildFile; fileRef = 52E2EA2325C71B7B00EC98AF /* jwt-key.ppk */; };
		52E9340B25B01DFE00B53AD3 /* ServerCell.swift in Sources */ = {isa = PBXBuildFile; fileRef = 52E9340925B01DFE00B53AD3 /* ServerCell.swift */; };
		52E9340C25B01DFE00B53AD3 /* ServerCell.xib in Resources */ = {isa = PBXBuildFile; fileRef = 52E9340A25B01DFE00B53AD3 /* ServerCell.xib */; };
		52EEEAD125C82E3A00A3DE7E /* NetworkExtension.framework in Frameworks */ = {isa = PBXBuildFile; fileRef = 52EEEAD025C82E3A00A3DE7E /* NetworkExtension.framework */; };
		AE266D56DD6EB1FA461623CD /* Pods_PhoenixVPN.framework in Frameworks */ = {isa = PBXBuildFile; fileRef = FA5C15F78569C5A6466FFBFF /* Pods_PhoenixVPN.framework */; };
		F9FC41F8E6D6FEB99F00FFDA /* Pods_PhoenixVPN.framework in Frameworks */ = {isa = PBXBuildFile; fileRef = 5282880425C9379F00CB0133 /* Pods_PhoenixVPN.framework */; };
/* End PBXBuildFile section */

/* Begin PBXContainerItemProxy section */
		528287EE25C933E600CB0133 /* PBXContainerItemProxy */ = {
			isa = PBXContainerItemProxy;
			containerPortal = 52D326F325AFFEBC00E69A5E /* Project object */;
			proxyType = 1;
			remoteGlobalIDString = 528287E625C933E600CB0133;
			remoteInfo = VPNTunnel;
		};
/* End PBXContainerItemProxy section */

/* Begin PBXCopyFilesBuildPhase section */
		528287F425C933E600CB0133 /* Embed App Extensions */ = {
			isa = PBXCopyFilesBuildPhase;
			buildActionMask = 2147483647;
			dstPath = "";
			dstSubfolderSpec = 13;
			files = (
				528287F025C933E600CB0133 /* VPNTunnel.appex in Embed App Extensions */,
			);
			name = "Embed App Extensions";
			runOnlyForDeploymentPostprocessing = 0;
		};
		5282880725C9379F00CB0133 /* Embed Frameworks */ = {
			isa = PBXCopyFilesBuildPhase;
			buildActionMask = 2147483647;
			dstPath = "";
			dstSubfolderSpec = 10;
			files = (
				5282880625C9379F00CB0133 /* Pods_PhoenixVPN.framework in Embed Frameworks */,
			);
			name = "Embed Frameworks";
			runOnlyForDeploymentPostprocessing = 0;
		};
/* End PBXCopyFilesBuildPhase section */

/* Begin PBXFileReference section */
		5203024025DE295C00EC5C70 /* England_freeopenvpn_udp.ovpn */ = {isa = PBXFileReference; fileEncoding = 4; lastKnownFileType = text; name = England_freeopenvpn_udp.ovpn; path = ../../../../../Downloads/England_freeopenvpn_udp.ovpn; sourceTree = "<group>"; };
		5203024325DE2CBE00EC5C70 /* voxen2.ovpn */ = {isa = PBXFileReference; fileEncoding = 4; lastKnownFileType = text; name = voxen2.ovpn; path = ../../../../voxen2.ovpn; sourceTree = "<group>"; };
		5203024725DE308600EC5C70 /* vpngate_219.100.37.198_udp_1195.ovpn */ = {isa = PBXFileReference; fileEncoding = 4; lastKnownFileType = text; name = vpngate_219.100.37.198_udp_1195.ovpn; path = ../../../../../Downloads/vpngate_219.100.37.198_udp_1195.ovpn; sourceTree = "<group>"; };
		523B687325C9784B0058EF0D /* PacketTunnelProvider.swift */ = {isa = PBXFileReference; lastKnownFileType = sourcecode.swift; path = PacketTunnelProvider.swift; sourceTree = "<group>"; };
		523DD31D25C3BCFB00C62C53 /* LogINViewController.swift */ = {isa = PBXFileReference; lastKnownFileType = sourcecode.swift; path = LogINViewController.swift; sourceTree = "<group>"; };
		523DD32725C3F08F00C62C53 /* Service.swift */ = {isa = PBXFileReference; lastKnownFileType = sourcecode.swift; path = Service.swift; sourceTree = "<group>"; };
		523DD32C25C3F3DC00C62C53 /* ServerData.swift */ = {isa = PBXFileReference; lastKnownFileType = sourcecode.swift; path = ServerData.swift; sourceTree = "<group>"; };
		523DD33125C4318000C62C53 /* VPNDemo1.entitlements */ = {isa = PBXFileReference; lastKnownFileType = text.plist.entitlements; path = VPNDemo1.entitlements; sourceTree = "<group>"; };
		523DD33325C4318000C62C53 /* ExternalAccessory.framework */ = {isa = PBXFileReference; lastKnownFileType = wrapper.framework; name = ExternalAccessory.framework; path = System/Library/Frameworks/ExternalAccessory.framework; sourceTree = SDKROOT; };
		524BF6B825CE918600FA65CA /* USA_freeopenvpn_udp.ovpn */ = {isa = PBXFileReference; fileEncoding = 4; lastKnownFileType = text; name = USA_freeopenvpn_udp.ovpn; path = ../../../../../Downloads/USA_freeopenvpn_udp.ovpn; sourceTree = "<group>"; };
		5252BD2E25B0032D002C8E78 /* ServerViewController.swift */ = {isa = PBXFileReference; lastKnownFileType = sourcecode.swift; path = ServerViewController.swift; sourceTree = "<group>"; };
		5252BD3025B0159C002C8E78 /* Server.swift */ = {isa = PBXFileReference; lastKnownFileType = sourcecode.swift; path = Server.swift; sourceTree = "<group>"; };
		526C0B5825C7BAF60097F5B7 /* NeedHelpViewController.swift */ = {isa = PBXFileReference; lastKnownFileType = sourcecode.swift; path = NeedHelpViewController.swift; sourceTree = "<group>"; };
		526C0B6025C7D9FC0097F5B7 /* VpnManager.swift */ = {isa = PBXFileReference; lastKnownFileType = sourcecode.swift; path = VpnManager.swift; sourceTree = "<group>"; };
		526C0B6925C7F7A50097F5B7 /* JwtGenerator.swift */ = {isa = PBXFileReference; lastKnownFileType = sourcecode.swift; path = JwtGenerator.swift; sourceTree = "<group>"; };
		526C0B6C25C80CE00097F5B7 /* Reachability.swift */ = {isa = PBXFileReference; lastKnownFileType = sourcecode.swift; path = Reachability.swift; sourceTree = "<group>"; };
		5282878825C9202300CB0133 /* GetConnectionInfo.swift */ = {isa = PBXFileReference; lastKnownFileType = sourcecode.swift; path = GetConnectionInfo.swift; sourceTree = "<group>"; };
		528287E725C933E600CB0133 /* VPNTunnel.appex */ = {isa = PBXFileReference; explicitFileType = "wrapper.app-extension"; includeInIndex = 0; path = VPNTunnel.appex; sourceTree = BUILT_PRODUCTS_DIR; };
		528287EA25C933E600CB0133 /* PacketTunnelProvider.swift */ = {isa = PBXFileReference; lastKnownFileType = sourcecode.swift; path = PacketTunnelProvider.swift; sourceTree = "<group>"; };
		528287EC25C933E600CB0133 /* Info.plist */ = {isa = PBXFileReference; lastKnownFileType = text.plist.xml; path = Info.plist; sourceTree = "<group>"; };
		528287ED25C933E600CB0133 /* VPNTunnel.entitlements */ = {isa = PBXFileReference; lastKnownFileType = text.plist.entitlements; path = VPNTunnel.entitlements; sourceTree = "<group>"; };
		5282880425C9379F00CB0133 /* Pods_PhoenixVPN.framework */ = {isa = PBXFileReference; explicitFileType = wrapper.framework; path = Pods_PhoenixVPN.framework; sourceTree = BUILT_PRODUCTS_DIR; };
		529A3BFA25D2CBF70079B426 /* Server1-UDP53.ovpn */ = {isa = PBXFileReference; fileEncoding = 4; lastKnownFileType = text; name = "Server1-UDP53.ovpn"; path = "../../../../../Downloads/FreeVPN-2.me-OpenVPN-Bundle-July-2020/FreeVPN.me - Server1-NL/Server1-UDP53.ovpn"; sourceTree = "<group>"; };
		529A3BFD25D2CF5B0079B426 /* ec2amaz-4kduhtb_openvpn_remote_access_l3.ovpn */ = {isa = PBXFileReference; fileEncoding = 4; lastKnownFileType = text; name = "ec2amaz-4kduhtb_openvpn_remote_access_l3.ovpn"; path = "../../../../../Downloads/ec2amaz-4kduhtb_openvpn_remote_access_l3.ovpn"; sourceTree = "<group>"; };
		529A3C0025D2CFAE0079B426 /* Server1-TCP80.ovpn */ = {isa = PBXFileReference; fileEncoding = 4; lastKnownFileType = text; name = "Server1-TCP80.ovpn"; path = "../../../../../Downloads/FreeVPN-2.me-OpenVPN-Bundle-July-2020/FreeVPN.me - Server1-NL/Server1-TCP80.ovpn"; sourceTree = "<group>"; };
		52D326FB25AFFEBC00E69A5E /* VOXEN.app */ = {isa = PBXFileReference; explicitFileType = wrapper.application; includeInIndex = 0; path = VOXEN.app; sourceTree = BUILT_PRODUCTS_DIR; };
		52D326FE25AFFEBC00E69A5E /* AppDelegate.swift */ = {isa = PBXFileReference; lastKnownFileType = sourcecode.swift; path = AppDelegate.swift; sourceTree = "<group>"; };
		52D3270025AFFEBC00E69A5E /* SceneDelegate.swift */ = {isa = PBXFileReference; lastKnownFileType = sourcecode.swift; path = SceneDelegate.swift; sourceTree = "<group>"; };
		52D3270225AFFEBC00E69A5E /* ViewController.swift */ = {isa = PBXFileReference; lastKnownFileType = sourcecode.swift; path = ViewController.swift; sourceTree = "<group>"; };
		52D3270525AFFEBC00E69A5E /* Base */ = {isa = PBXFileReference; lastKnownFileType = file.storyboard; name = Base; path = Base.lproj/Main.storyboard; sourceTree = "<group>"; };
		52D3270725AFFEBE00E69A5E /* Assets.xcassets */ = {isa = PBXFileReference; lastKnownFileType = folder.assetcatalog; path = Assets.xcassets; sourceTree = "<group>"; };
		52D3270A25AFFEBE00E69A5E /* Base */ = {isa = PBXFileReference; lastKnownFileType = file.storyboard; name = Base; path = Base.lproj/LaunchScreen.storyboard; sourceTree = "<group>"; };
		52D3270C25AFFEBE00E69A5E /* Info.plist */ = {isa = PBXFileReference; lastKnownFileType = text.plist.xml; path = Info.plist; sourceTree = "<group>"; };
		52E2EA2025C71B6E00EC98AF /* jwt-key.pub */ = {isa = PBXFileReference; fileEncoding = 4; lastKnownFileType = text; path = "jwt-key.pub"; sourceTree = "<group>"; };
		52E2EA2325C71B7B00EC98AF /* jwt-key.ppk */ = {isa = PBXFileReference; fileEncoding = 4; lastKnownFileType = text; path = "jwt-key.ppk"; sourceTree = "<group>"; };
		52E9340925B01DFE00B53AD3 /* ServerCell.swift */ = {isa = PBXFileReference; lastKnownFileType = sourcecode.swift; path = ServerCell.swift; sourceTree = "<group>"; };
		52E9340A25B01DFE00B53AD3 /* ServerCell.xib */ = {isa = PBXFileReference; lastKnownFileType = file.xib; path = ServerCell.xib; sourceTree = "<group>"; };
		52EEEAD025C82E3A00A3DE7E /* NetworkExtension.framework */ = {isa = PBXFileReference; lastKnownFileType = wrapper.framework; name = NetworkExtension.framework; path = System/Library/Frameworks/NetworkExtension.framework; sourceTree = SDKROOT; };
		D6B2F990935769E416CB3052 /* Pods-PhoenixVPN.release.xcconfig */ = {isa = PBXFileReference; includeInIndex = 1; lastKnownFileType = text.xcconfig; name = "Pods-PhoenixVPN.release.xcconfig"; path = "Target Support Files/Pods-PhoenixVPN/Pods-PhoenixVPN.release.xcconfig"; sourceTree = "<group>"; };
		D7AA322AFD80858715FDA590 /* Pods-PhoenixVPN.debug.xcconfig */ = {isa = PBXFileReference; includeInIndex = 1; lastKnownFileType = text.xcconfig; name = "Pods-PhoenixVPN.debug.xcconfig"; path = "Target Support Files/Pods-PhoenixVPN/Pods-PhoenixVPN.debug.xcconfig"; sourceTree = "<group>"; };
		FA5C15F78569C5A6466FFBFF /* Pods_PhoenixVPN.framework */ = {isa = PBXFileReference; explicitFileType = wrapper.framework; includeInIndex = 0; path = Pods_PhoenixVPN.framework; sourceTree = BUILT_PRODUCTS_DIR; };
/* End PBXFileReference section */

/* Begin PBXFrameworksBuildPhase section */
		528287E425C933E600CB0133 /* Frameworks */ = {
			isa = PBXFrameworksBuildPhase;
			buildActionMask = 2147483647;
			files = (
				5282880125C9375300CB0133 /* ExternalAccessory.framework in Frameworks */,
				5282880025C9372600CB0133 /* Alamofire in Frameworks */,
				528287E825C933E600CB0133 /* NetworkExtension.framework in Frameworks */,
				528287F825C9344D00CB0133 /* OpenVPNAdapter in Frameworks */,
				528287FE25C9372200CB0133 /* SwiftyJSON in Frameworks */,
				528287FC25C9371E00CB0133 /* SwiftJWT in Frameworks */,
			);
			runOnlyForDeploymentPostprocessing = 0;
		};
		52D326F825AFFEBC00E69A5E /* Frameworks */ = {
			isa = PBXFrameworksBuildPhase;
			buildActionMask = 2147483647;
			files = (
				523DD32B25C3F0E100C62C53 /* Alamofire in Frameworks */,
				523DD33025C4305400C62C53 /* OpenVPNAdapter in Frameworks */,
				523DD33425C4318000C62C53 /* ExternalAccessory.framework in Frameworks */,
				523DD32325C3CC7000C62C53 /* SwiftJWT in Frameworks */,
				AE266D56DD6EB1FA461623CD /* Pods_PhoenixVPN.framework in Frameworks */,
				52EEEAD125C82E3A00A3DE7E /* NetworkExtension.framework in Frameworks */,
				F9FC41F8E6D6FEB99F00FFDA /* Pods_PhoenixVPN.framework in Frameworks */,
			);
			runOnlyForDeploymentPostprocessing = 0;
		};
/* End PBXFrameworksBuildPhase section */

/* Begin PBXGroup section */
		523B686C25C976150058EF0D /* Model */ = {
			isa = PBXGroup;
			children = (
				5252BD3025B0159C002C8E78 /* Server.swift */,
				523DD32725C3F08F00C62C53 /* Service.swift */,
				523DD32C25C3F3DC00C62C53 /* ServerData.swift */,
				526C0B6025C7D9FC0097F5B7 /* VpnManager.swift */,
				526C0B6925C7F7A50097F5B7 /* JwtGenerator.swift */,
				526C0B6C25C80CE00097F5B7 /* Reachability.swift */,
				5282878825C9202300CB0133 /* GetConnectionInfo.swift */,
				523B687325C9784B0058EF0D /* PacketTunnelProvider.swift */,
			);
			path = Model;
			sourceTree = "<group>";
		};
		523B686E25C976350058EF0D /* View */ = {
			isa = PBXGroup;
			children = (
				52D3270425AFFEBC00E69A5E /* Main.storyboard */,
				52D3270925AFFEBE00E69A5E /* LaunchScreen.storyboard */,
				52E9340A25B01DFE00B53AD3 /* ServerCell.xib */,
			);
			path = View;
			sourceTree = "<group>";
		};
		523B686F25C9763B0058EF0D /* Controller */ = {
			isa = PBXGroup;
			children = (
				52D3270225AFFEBC00E69A5E /* ViewController.swift */,
				5252BD2E25B0032D002C8E78 /* ServerViewController.swift */,
				52E9340925B01DFE00B53AD3 /* ServerCell.swift */,
				523DD31D25C3BCFB00C62C53 /* LogINViewController.swift */,
				526C0B5825C7BAF60097F5B7 /* NeedHelpViewController.swift */,
			);
			path = Controller;
			sourceTree = "<group>";
		};
		523DD33225C4318000C62C53 /* Frameworks */ = {
			isa = PBXGroup;
			children = (
				5282880425C9379F00CB0133 /* Pods_PhoenixVPN.framework */,
				52EEEAD025C82E3A00A3DE7E /* NetworkExtension.framework */,
				523DD33325C4318000C62C53 /* ExternalAccessory.framework */,
				FA5C15F78569C5A6466FFBFF /* Pods_PhoenixVPN.framework */,
			);
			name = Frameworks;
			sourceTree = "<group>";
		};
		528287E925C933E600CB0133 /* VPNTunnel */ = {
			isa = PBXGroup;
			children = (
				528287EA25C933E600CB0133 /* PacketTunnelProvider.swift */,
				528287EC25C933E600CB0133 /* Info.plist */,
				528287ED25C933E600CB0133 /* VPNTunnel.entitlements */,
			);
			path = VPNTunnel;
			sourceTree = "<group>";
		};
		52D326F225AFFEBC00E69A5E = {
			isa = PBXGroup;
			children = (
				52D326FD25AFFEBC00E69A5E /* PhoenixVPN */,
				528287E925C933E600CB0133 /* VPNTunnel */,
				52D326FC25AFFEBC00E69A5E /* Products */,
				523DD33225C4318000C62C53 /* Frameworks */,
				DA435DC4757C0DCBB154DB0D /* Pods */,
			);
			sourceTree = "<group>";
		};
		52D326FC25AFFEBC00E69A5E /* Products */ = {
			isa = PBXGroup;
			children = (
				52D326FB25AFFEBC00E69A5E /* VOXEN.app */,
				528287E725C933E600CB0133 /* VPNTunnel.appex */,
			);
			name = Products;
			sourceTree = "<group>";
		};
		52D326FD25AFFEBC00E69A5E /* PhoenixVPN */ = {
			isa = PBXGroup;
			children = (
				523B686F25C9763B0058EF0D /* Controller */,
				523B686E25C976350058EF0D /* View */,
				523B686C25C976150058EF0D /* Model */,
				52E2EA1F25C71B5C00EC98AF /* Values */,
				523DD33125C4318000C62C53 /* VPNDemo1.entitlements */,
				52D326FE25AFFEBC00E69A5E /* AppDelegate.swift */,
				52D3270025AFFEBC00E69A5E /* SceneDelegate.swift */,
				52D3270725AFFEBE00E69A5E /* Assets.xcassets */,
				52D3270C25AFFEBE00E69A5E /* Info.plist */,
			);
			path = PhoenixVPN;
			sourceTree = "<group>";
		};
		52E2EA1F25C71B5C00EC98AF /* Values */ = {
			isa = PBXGroup;
			children = (
				52E2EA2325C71B7B00EC98AF /* jwt-key.ppk */,
				52E2EA2025C71B6E00EC98AF /* jwt-key.pub */,
				529A3C0025D2CFAE0079B426 /* Server1-TCP80.ovpn */,
				5203024725DE308600EC5C70 /* vpngate_219.100.37.198_udp_1195.ovpn */,
				5203024025DE295C00EC5C70 /* England_freeopenvpn_udp.ovpn */,
				5203024325DE2CBE00EC5C70 /* voxen2.ovpn */,
				529A3BFD25D2CF5B0079B426 /* ec2amaz-4kduhtb_openvpn_remote_access_l3.ovpn */,
				529A3BFA25D2CBF70079B426 /* Server1-UDP53.ovpn */,
				524BF6B825CE918600FA65CA /* USA_freeopenvpn_udp.ovpn */,
			);
			path = Values;
			sourceTree = "<group>";
		};
		DA435DC4757C0DCBB154DB0D /* Pods */ = {
			isa = PBXGroup;
			children = (
				D7AA322AFD80858715FDA590 /* Pods-PhoenixVPN.debug.xcconfig */,
				D6B2F990935769E416CB3052 /* Pods-PhoenixVPN.release.xcconfig */,
			);
			path = Pods;
			sourceTree = "<group>";
		};
/* End PBXGroup section */

/* Begin PBXNativeTarget section */
		528287E625C933E600CB0133 /* VPNTunnel */ = {
			isa = PBXNativeTarget;
			buildConfigurationList = 528287F125C933E600CB0133 /* Build configuration list for PBXNativeTarget "VPNTunnel" */;
			buildPhases = (
				528287E325C933E600CB0133 /* Sources */,
				528287E425C933E600CB0133 /* Frameworks */,
				528287E525C933E600CB0133 /* Resources */,
				5282880725C9379F00CB0133 /* Embed Frameworks */,
			);
			buildRules = (
			);
			dependencies = (
			);
			name = VPNTunnel;
			packageProductDependencies = (
				528287F725C9344D00CB0133 /* OpenVPNAdapter */,
				528287FB25C9371E00CB0133 /* SwiftJWT */,
				528287FD25C9372200CB0133 /* SwiftyJSON */,
				528287FF25C9372600CB0133 /* Alamofire */,
			);
			productName = VPNTunnel;
			productReference = 528287E725C933E600CB0133 /* VPNTunnel.appex */;
			productType = "com.apple.product-type.app-extension";
		};
		52D326FA25AFFEBC00E69A5E /* PhoenixVPN */ = {
			isa = PBXNativeTarget;
			buildConfigurationList = 52D3270F25AFFEBE00E69A5E /* Build configuration list for PBXNativeTarget "PhoenixVPN" */;
			buildPhases = (
				DD8842F18A673BA8642FD4D9 /* [CP] Check Pods Manifest.lock */,
				52D326F725AFFEBC00E69A5E /* Sources */,
				52D326F825AFFEBC00E69A5E /* Frameworks */,
				52D326F925AFFEBC00E69A5E /* Resources */,
				CBB98AB2E10E5EEF6D708B2D /* [CP] Embed Pods Frameworks */,
				528287F425C933E600CB0133 /* Embed App Extensions */,
			);
			buildRules = (
			);
			dependencies = (
				528287EF25C933E600CB0133 /* PBXTargetDependency */,
			);
			name = PhoenixVPN;
			packageProductDependencies = (
				523DD32225C3CC7000C62C53 /* SwiftJWT */,
				523DD32A25C3F0E100C62C53 /* Alamofire */,
				523DD32F25C4305400C62C53 /* OpenVPNAdapter */,
			);
			productName = VPNDemo1;
			productReference = 52D326FB25AFFEBC00E69A5E /* VOXEN.app */;
			productType = "com.apple.product-type.application";
		};
/* End PBXNativeTarget section */

/* Begin PBXProject section */
		52D326F325AFFEBC00E69A5E /* Project object */ = {
			isa = PBXProject;
			attributes = {
				LastSwiftUpdateCheck = 1240;
				LastUpgradeCheck = 1240;
				ORGANIZATIONNAME = "MacBook Pro";
				TargetAttributes = {
					528287E625C933E600CB0133 = {
						CreatedOnToolsVersion = 12.4;
					};
					52D326FA25AFFEBC00E69A5E = {
						CreatedOnToolsVersion = 11.7;
					};
				};
			};
			buildConfigurationList = 52D326F625AFFEBC00E69A5E /* Build configuration list for PBXProject "PhoenixVPN" */;
			compatibilityVersion = "Xcode 9.3";
			developmentRegion = en;
			hasScannedForEncodings = 0;
			knownRegions = (
				en,
				Base,
			);
			mainGroup = 52D326F225AFFEBC00E69A5E;
			packageReferences = (
				523DD32125C3CC7000C62C53 /* XCRemoteSwiftPackageReference "Swift-JWT" */,
				523DD32925C3F0E100C62C53 /* XCRemoteSwiftPackageReference "Alamofire" */,
				523DD32E25C4305400C62C53 /* XCRemoteSwiftPackageReference "OpenVPNAdapter" */,
				52EAFF9225C589F800713F7C /* XCRemoteSwiftPackageReference "SwiftyJSON" */,
			);
			productRefGroup = 52D326FC25AFFEBC00E69A5E /* Products */;
			projectDirPath = "";
			projectRoot = "";
			targets = (
				52D326FA25AFFEBC00E69A5E /* PhoenixVPN */,
				528287E625C933E600CB0133 /* VPNTunnel */,
			);
		};
/* End PBXProject section */

/* Begin PBXResourcesBuildPhase section */
		528287E525C933E600CB0133 /* Resources */ = {
			isa = PBXResourcesBuildPhase;
			buildActionMask = 2147483647;
			files = (
			);
			runOnlyForDeploymentPostprocessing = 0;
		};
		52D326F925AFFEBC00E69A5E /* Resources */ = {
			isa = PBXResourcesBuildPhase;
			buildActionMask = 2147483647;
			files = (
				5203024825DE308600EC5C70 /* vpngate_219.100.37.198_udp_1195.ovpn in Resources */,
				524BF6B925CE918600FA65CA /* USA_freeopenvpn_udp.ovpn in Resources */,
				52D3270B25AFFEBE00E69A5E /* LaunchScreen.storyboard in Resources */,
				529A3BFB25D2CBF80079B426 /* Server1-UDP53.ovpn in Resources */,
				52D3270825AFFEBE00E69A5E /* Assets.xcassets in Resources */,
				52E2EA2125C71B6E00EC98AF /* jwt-key.pub in Resources */,
				52E9340C25B01DFE00B53AD3 /* ServerCell.xib in Resources */,
				5203024425DE2CBE00EC5C70 /* voxen2.ovpn in Resources */,
				52D3270625AFFEBC00E69A5E /* Main.storyboard in Resources */,
				529A3C0125D2CFAF0079B426 /* Server1-TCP80.ovpn in Resources */,
				5203024125DE295C00EC5C70 /* England_freeopenvpn_udp.ovpn in Resources */,
				52E2EA2425C71B7B00EC98AF /* jwt-key.ppk in Resources */,
				529A3BFE25D2CF5B0079B426 /* ec2amaz-4kduhtb_openvpn_remote_access_l3.ovpn in Resources */,
			);
			runOnlyForDeploymentPostprocessing = 0;
		};
/* End PBXResourcesBuildPhase section */

/* Begin PBXShellScriptBuildPhase section */
		CBB98AB2E10E5EEF6D708B2D /* [CP] Embed Pods Frameworks */ = {
			isa = PBXShellScriptBuildPhase;
			buildActionMask = 2147483647;
			files = (
			);
			inputFileListPaths = (
				"${PODS_ROOT}/Target Support Files/Pods-PhoenixVPN/Pods-PhoenixVPN-frameworks-${CONFIGURATION}-input-files.xcfilelist",
			);
			name = "[CP] Embed Pods Frameworks";
			outputFileListPaths = (
				"${PODS_ROOT}/Target Support Files/Pods-PhoenixVPN/Pods-PhoenixVPN-frameworks-${CONFIGURATION}-output-files.xcfilelist",
			);
			runOnlyForDeploymentPostprocessing = 0;
			shellPath = /bin/sh;
			shellScript = "\"${PODS_ROOT}/Target Support Files/Pods-PhoenixVPN/Pods-PhoenixVPN-frameworks.sh\"\n";
			showEnvVarsInLog = 0;
		};
		DD8842F18A673BA8642FD4D9 /* [CP] Check Pods Manifest.lock */ = {
			isa = PBXShellScriptBuildPhase;
			buildActionMask = 2147483647;
			files = (
			);
			inputFileListPaths = (
			);
			inputPaths = (
				"${PODS_PODFILE_DIR_PATH}/Podfile.lock",
				"${PODS_ROOT}/Manifest.lock",
			);
			name = "[CP] Check Pods Manifest.lock";
			outputFileListPaths = (
			);
			outputPaths = (
				"$(DERIVED_FILE_DIR)/Pods-PhoenixVPN-checkManifestLockResult.txt",
			);
			runOnlyForDeploymentPostprocessing = 0;
			shellPath = /bin/sh;
			shellScript = "diff \"${PODS_PODFILE_DIR_PATH}/Podfile.lock\" \"${PODS_ROOT}/Manifest.lock\" > /dev/null\nif [ $? != 0 ] ; then\n    # print error to STDERR\n    echo \"error: The sandbox is not in sync with the Podfile.lock. Run 'pod install' or update your CocoaPods installation.\" >&2\n    exit 1\nfi\n# This output is used by Xcode 'outputs' to avoid re-running this script phase.\necho \"SUCCESS\" > \"${SCRIPT_OUTPUT_FILE_0}\"\n";
			showEnvVarsInLog = 0;
		};
/* End PBXShellScriptBuildPhase section */

/* Begin PBXSourcesBuildPhase section */
		528287E325C933E600CB0133 /* Sources */ = {
			isa = PBXSourcesBuildPhase;
			buildActionMask = 2147483647;
			files = (
				528287EB25C933E600CB0133 /* PacketTunnelProvider.swift in Sources */,
			);
			runOnlyForDeploymentPostprocessing = 0;
		};
		52D326F725AFFEBC00E69A5E /* Sources */ = {
			isa = PBXSourcesBuildPhase;
			buildActionMask = 2147483647;
			files = (
				5252BD3125B0159C002C8E78 /* Server.swift in Sources */,
				526C0B6A25C7F7A50097F5B7 /* JwtGenerator.swift in Sources */,
				526C0B6125C7D9FC0097F5B7 /* VpnManager.swift in Sources */,
				523DD32825C3F08F00C62C53 /* Service.swift in Sources */,
				52D3270325AFFEBC00E69A5E /* ViewController.swift in Sources */,
				523B687425C9784B0058EF0D /* PacketTunnelProvider.swift in Sources */,
				52D326FF25AFFEBC00E69A5E /* AppDelegate.swift in Sources */,
				52D3270125AFFEBC00E69A5E /* SceneDelegate.swift in Sources */,
				52E9340B25B01DFE00B53AD3 /* ServerCell.swift in Sources */,
				523DD32D25C3F3DC00C62C53 /* ServerData.swift in Sources */,
				526C0B5925C7BAF60097F5B7 /* NeedHelpViewController.swift in Sources */,
				5282878925C9202300CB0133 /* GetConnectionInfo.swift in Sources */,
				5252BD2F25B0032D002C8E78 /* ServerViewController.swift in Sources */,
				526C0B6D25C80CE00097F5B7 /* Reachability.swift in Sources */,
				523DD31E25C3BCFB00C62C53 /* LogINViewController.swift in Sources */,
			);
			runOnlyForDeploymentPostprocessing = 0;
		};
/* End PBXSourcesBuildPhase section */

/* Begin PBXTargetDependency section */
		528287EF25C933E600CB0133 /* PBXTargetDependency */ = {
			isa = PBXTargetDependency;
			target = 528287E625C933E600CB0133 /* VPNTunnel */;
			targetProxy = 528287EE25C933E600CB0133 /* PBXContainerItemProxy */;
		};
/* End PBXTargetDependency section */

/* Begin PBXVariantGroup section */
		52D3270425AFFEBC00E69A5E /* Main.storyboard */ = {
			isa = PBXVariantGroup;
			children = (
				52D3270525AFFEBC00E69A5E /* Base */,
			);
			name = Main.storyboard;
			sourceTree = "<group>";
		};
		52D3270925AFFEBE00E69A5E /* LaunchScreen.storyboard */ = {
			isa = PBXVariantGroup;
			children = (
				52D3270A25AFFEBE00E69A5E /* Base */,
			);
			name = LaunchScreen.storyboard;
			sourceTree = "<group>";
		};
/* End PBXVariantGroup section */

/* Begin XCBuildConfiguration section */
		528287F225C933E600CB0133 /* Debug */ = {
			isa = XCBuildConfiguration;
			buildSettings = {
				CODE_SIGN_ENTITLEMENTS = VPNTunnel/VPNTunnel.entitlements;
				CODE_SIGN_STYLE = Automatic;
				DEVELOPMENT_TEAM = NXSWB87D96;
				INFOPLIST_FILE = VPNTunnel/Info.plist;
				IPHONEOS_DEPLOYMENT_TARGET = 14.4;
				LD_RUNPATH_SEARCH_PATHS = (
					"$(inherited)",
					"@executable_path/Frameworks",
					"@executable_path/../../Frameworks",
				);
				PRODUCT_BUNDLE_IDENTIFIER = com.ahasanshuvo.VOXEN.VPNTunnel;
				PRODUCT_NAME = "$(TARGET_NAME)";
				SKIP_INSTALL = YES;
				SWIFT_VERSION = 5.0;
				TARGETED_DEVICE_FAMILY = "1,2";
			};
			name = Debug;
		};
		528287F325C933E600CB0133 /* Release */ = {
			isa = XCBuildConfiguration;
			buildSettings = {
				CODE_SIGN_ENTITLEMENTS = VPNTunnel/VPNTunnel.entitlements;
				CODE_SIGN_STYLE = Automatic;
				DEVELOPMENT_TEAM = NXSWB87D96;
				INFOPLIST_FILE = VPNTunnel/Info.plist;
				IPHONEOS_DEPLOYMENT_TARGET = 14.4;
				LD_RUNPATH_SEARCH_PATHS = (
					"$(inherited)",
					"@executable_path/Frameworks",
					"@executable_path/../../Frameworks",
				);
				PRODUCT_BUNDLE_IDENTIFIER = com.ahasanshuvo.VOXEN.VPNTunnel;
				PRODUCT_NAME = "$(TARGET_NAME)";
				SKIP_INSTALL = YES;
				SWIFT_VERSION = 5.0;
				TARGETED_DEVICE_FAMILY = "1,2";
			};
			name = Release;
		};
		52D3270D25AFFEBE00E69A5E /* Debug */ = {
			isa = XCBuildConfiguration;
			buildSettings = {
				ALWAYS_SEARCH_USER_PATHS = NO;
				CLANG_ANALYZER_NONNULL = YES;
				CLANG_ANALYZER_NUMBER_OBJECT_CONVERSION = YES_AGGRESSIVE;
				CLANG_CXX_LANGUAGE_STANDARD = "gnu++14";
				CLANG_CXX_LIBRARY = "libc++";
				CLANG_ENABLE_MODULES = YES;
				CLANG_ENABLE_OBJC_ARC = YES;
				CLANG_ENABLE_OBJC_WEAK = YES;
				CLANG_WARN_BLOCK_CAPTURE_AUTORELEASING = YES;
				CLANG_WARN_BOOL_CONVERSION = YES;
				CLANG_WARN_COMMA = YES;
				CLANG_WARN_CONSTANT_CONVERSION = YES;
				CLANG_WARN_DEPRECATED_OBJC_IMPLEMENTATIONS = YES;
				CLANG_WARN_DIRECT_OBJC_ISA_USAGE = YES_ERROR;
				CLANG_WARN_DOCUMENTATION_COMMENTS = YES;
				CLANG_WARN_EMPTY_BODY = YES;
				CLANG_WARN_ENUM_CONVERSION = YES;
				CLANG_WARN_INFINITE_RECURSION = YES;
				CLANG_WARN_INT_CONVERSION = YES;
				CLANG_WARN_NON_LITERAL_NULL_CONVERSION = YES;
				CLANG_WARN_OBJC_IMPLICIT_RETAIN_SELF = YES;
				CLANG_WARN_OBJC_LITERAL_CONVERSION = YES;
				CLANG_WARN_OBJC_ROOT_CLASS = YES_ERROR;
				CLANG_WARN_QUOTED_INCLUDE_IN_FRAMEWORK_HEADER = YES;
				CLANG_WARN_RANGE_LOOP_ANALYSIS = YES;
				CLANG_WARN_STRICT_PROTOTYPES = YES;
				CLANG_WARN_SUSPICIOUS_MOVE = YES;
				CLANG_WARN_UNGUARDED_AVAILABILITY = YES_AGGRESSIVE;
				CLANG_WARN_UNREACHABLE_CODE = YES;
				CLANG_WARN__DUPLICATE_METHOD_MATCH = YES;
				COPY_PHASE_STRIP = NO;
				DEBUG_INFORMATION_FORMAT = dwarf;
				ENABLE_STRICT_OBJC_MSGSEND = YES;
				ENABLE_TESTABILITY = YES;
				GCC_C_LANGUAGE_STANDARD = gnu11;
				GCC_DYNAMIC_NO_PIC = NO;
				GCC_NO_COMMON_BLOCKS = YES;
				GCC_OPTIMIZATION_LEVEL = 0;
				GCC_PREPROCESSOR_DEFINITIONS = (
					"DEBUG=1",
					"$(inherited)",
				);
				GCC_WARN_64_TO_32_BIT_CONVERSION = YES;
				GCC_WARN_ABOUT_RETURN_TYPE = YES_ERROR;
				GCC_WARN_UNDECLARED_SELECTOR = YES;
				GCC_WARN_UNINITIALIZED_AUTOS = YES_AGGRESSIVE;
				GCC_WARN_UNUSED_FUNCTION = YES;
				GCC_WARN_UNUSED_VARIABLE = YES;
				IPHONEOS_DEPLOYMENT_TARGET = 13.7;
				MTL_ENABLE_DEBUG_INFO = INCLUDE_SOURCE;
				MTL_FAST_MATH = YES;
				NEW_SETTING = "";
				ONLY_ACTIVE_ARCH = YES;
				SDKROOT = iphoneos;
				SWIFT_ACTIVE_COMPILATION_CONDITIONS = DEBUG;
				SWIFT_OPTIMIZATION_LEVEL = "-Onone";
			};
			name = Debug;
		};
		52D3270E25AFFEBE00E69A5E /* Release */ = {
			isa = XCBuildConfiguration;
			buildSettings = {
				ALWAYS_SEARCH_USER_PATHS = NO;
				CLANG_ANALYZER_NONNULL = YES;
				CLANG_ANALYZER_NUMBER_OBJECT_CONVERSION = YES_AGGRESSIVE;
				CLANG_CXX_LANGUAGE_STANDARD = "gnu++14";
				CLANG_CXX_LIBRARY = "libc++";
				CLANG_ENABLE_MODULES = YES;
				CLANG_ENABLE_OBJC_ARC = YES;
				CLANG_ENABLE_OBJC_WEAK = YES;
				CLANG_WARN_BLOCK_CAPTURE_AUTORELEASING = YES;
				CLANG_WARN_BOOL_CONVERSION = YES;
				CLANG_WARN_COMMA = YES;
				CLANG_WARN_CONSTANT_CONVERSION = YES;
				CLANG_WARN_DEPRECATED_OBJC_IMPLEMENTATIONS = YES;
				CLANG_WARN_DIRECT_OBJC_ISA_USAGE = YES_ERROR;
				CLANG_WARN_DOCUMENTATION_COMMENTS = YES;
				CLANG_WARN_EMPTY_BODY = YES;
				CLANG_WARN_ENUM_CONVERSION = YES;
				CLANG_WARN_INFINITE_RECURSION = YES;
				CLANG_WARN_INT_CONVERSION = YES;
				CLANG_WARN_NON_LITERAL_NULL_CONVERSION = YES;
				CLANG_WARN_OBJC_IMPLICIT_RETAIN_SELF = YES;
				CLANG_WARN_OBJC_LITERAL_CONVERSION = YES;
				CLANG_WARN_OBJC_ROOT_CLASS = YES_ERROR;
				CLANG_WARN_QUOTED_INCLUDE_IN_FRAMEWORK_HEADER = YES;
				CLANG_WARN_RANGE_LOOP_ANALYSIS = YES;
				CLANG_WARN_STRICT_PROTOTYPES = YES;
				CLANG_WARN_SUSPICIOUS_MOVE = YES;
				CLANG_WARN_UNGUARDED_AVAILABILITY = YES_AGGRESSIVE;
				CLANG_WARN_UNREACHABLE_CODE = YES;
				CLANG_WARN__DUPLICATE_METHOD_MATCH = YES;
				COPY_PHASE_STRIP = NO;
				DEBUG_INFORMATION_FORMAT = "dwarf-with-dsym";
				ENABLE_NS_ASSERTIONS = NO;
				ENABLE_STRICT_OBJC_MSGSEND = YES;
				GCC_C_LANGUAGE_STANDARD = gnu11;
				GCC_NO_COMMON_BLOCKS = YES;
				GCC_WARN_64_TO_32_BIT_CONVERSION = YES;
				GCC_WARN_ABOUT_RETURN_TYPE = YES_ERROR;
				GCC_WARN_UNDECLARED_SELECTOR = YES;
				GCC_WARN_UNINITIALIZED_AUTOS = YES_AGGRESSIVE;
				GCC_WARN_UNUSED_FUNCTION = YES;
				GCC_WARN_UNUSED_VARIABLE = YES;
				IPHONEOS_DEPLOYMENT_TARGET = 13.7;
				MTL_ENABLE_DEBUG_INFO = NO;
				MTL_FAST_MATH = YES;
				NEW_SETTING = "";
				SDKROOT = iphoneos;
				SWIFT_COMPILATION_MODE = wholemodule;
				SWIFT_OPTIMIZATION_LEVEL = "-O";
				VALIDATE_PRODUCT = YES;
			};
			name = Release;
		};
		52D3271025AFFEBE00E69A5E /* Debug */ = {
			isa = XCBuildConfiguration;
			baseConfigurationReference = D7AA322AFD80858715FDA590 /* Pods-PhoenixVPN.debug.xcconfig */;
			buildSettings = {
				ALWAYS_EMBED_SWIFT_STANDARD_LIBRARIES = YES;
				ASSETCATALOG_COMPILER_APPICON_NAME = AppIcon;
				CODE_SIGN_ENTITLEMENTS = PhoenixVPN/VPNDemo1.entitlements;
				CODE_SIGN_STYLE = Automatic;
				DEVELOPMENT_TEAM = NXSWB87D96;
				INFOPLIST_FILE = PhoenixVPN/Info.plist;
				LD_RUNPATH_SEARCH_PATHS = (
					"$(inherited)",
					"@executable_path/Frameworks",
				);
				PRODUCT_BUNDLE_IDENTIFIER = com.ahasanshuvo.VOXEN;
				PRODUCT_NAME = VOXEN;
				SWIFT_VERSION = 5.0;
				TARGETED_DEVICE_FAMILY = "1,2";
			};
			name = Debug;
		};
		52D3271125AFFEBE00E69A5E /* Release */ = {
			isa = XCBuildConfiguration;
			baseConfigurationReference = D6B2F990935769E416CB3052 /* Pods-PhoenixVPN.release.xcconfig */;
			buildSettings = {
				ALWAYS_EMBED_SWIFT_STANDARD_LIBRARIES = YES;
				ASSETCATALOG_COMPILER_APPICON_NAME = AppIcon;
				CODE_SIGN_ENTITLEMENTS = PhoenixVPN/VPNDemo1.entitlements;
				CODE_SIGN_STYLE = Automatic;
				DEVELOPMENT_TEAM = NXSWB87D96;
				INFOPLIST_FILE = PhoenixVPN/Info.plist;
				LD_RUNPATH_SEARCH_PATHS = (
					"$(inherited)",
					"@executable_path/Frameworks",
				);
				PRODUCT_BUNDLE_IDENTIFIER = com.ahasanshuvo.VOXEN;
				PRODUCT_NAME = VOXEN;
				SWIFT_VERSION = 5.0;
				TARGETED_DEVICE_FAMILY = "1,2";
			};
			name = Release;
		};
/* End XCBuildConfiguration section */

/* Begin XCConfigurationList section */
		528287F125C933E600CB0133 /* Build configuration list for PBXNativeTarget "VPNTunnel" */ = {
			isa = XCConfigurationList;
			buildConfigurations = (
				528287F225C933E600CB0133 /* Debug */,
				528287F325C933E600CB0133 /* Release */,
			);
			defaultConfigurationIsVisible = 0;
			defaultConfigurationName = Release;
		};
		52D326F625AFFEBC00E69A5E /* Build configuration list for PBXProject "PhoenixVPN" */ = {
			isa = XCConfigurationList;
			buildConfigurations = (
				52D3270D25AFFEBE00E69A5E /* Debug */,
				52D3270E25AFFEBE00E69A5E /* Release */,
			);
			defaultConfigurationIsVisible = 0;
			defaultConfigurationName = Release;
		};
		52D3270F25AFFEBE00E69A5E /* Build configuration list for PBXNativeTarget "PhoenixVPN" */ = {
			isa = XCConfigurationList;
			buildConfigurations = (
				52D3271025AFFEBE00E69A5E /* Debug */,
				52D3271125AFFEBE00E69A5E /* Release */,
			);
			defaultConfigurationIsVisible = 0;
			defaultConfigurationName = Release;
		};
/* End XCConfigurationList section */

/* Begin XCRemoteSwiftPackageReference section */
		523DD32125C3CC7000C62C53 /* XCRemoteSwiftPackageReference "Swift-JWT" */ = {
			isa = XCRemoteSwiftPackageReference;
			repositoryURL = "https://github.com/Kitura/Swift-JWT.git";
			requirement = {
				kind = upToNextMajorVersion;
				minimumVersion = 3.6.200;
			};
		};
		523DD32925C3F0E100C62C53 /* XCRemoteSwiftPackageReference "Alamofire" */ = {
			isa = XCRemoteSwiftPackageReference;
			repositoryURL = "https://github.com/Alamofire/Alamofire.git";
			requirement = {
				kind = upToNextMajorVersion;
				minimumVersion = 5.4.1;
			};
		};
		523DD32E25C4305400C62C53 /* XCRemoteSwiftPackageReference "OpenVPNAdapter" */ = {
			isa = XCRemoteSwiftPackageReference;
			repositoryURL = "https://github.com/ss-abramchuk/OpenVPNAdapter.git";
			requirement = {
				kind = upToNextMajorVersion;
				minimumVersion = 0.7.0;
			};
		};
		52EAFF9225C589F800713F7C /* XCRemoteSwiftPackageReference "SwiftyJSON" */ = {
			isa = XCRemoteSwiftPackageReference;
			repositoryURL = "https://github.com/SwiftyJSON/SwiftyJSON.git";
			requirement = {
				kind = upToNextMajorVersion;
				minimumVersion = 5.0.0;
			};
		};
/* End XCRemoteSwiftPackageReference section */

/* Begin XCSwiftPackageProductDependency section */
		523DD32225C3CC7000C62C53 /* SwiftJWT */ = {
			isa = XCSwiftPackageProductDependency;
			package = 523DD32125C3CC7000C62C53 /* XCRemoteSwiftPackageReference "Swift-JWT" */;
			productName = SwiftJWT;
		};
		523DD32A25C3F0E100C62C53 /* Alamofire */ = {
			isa = XCSwiftPackageProductDependency;
			package = 523DD32925C3F0E100C62C53 /* XCRemoteSwiftPackageReference "Alamofire" */;
			productName = Alamofire;
		};
		523DD32F25C4305400C62C53 /* OpenVPNAdapter */ = {
			isa = XCSwiftPackageProductDependency;
			package = 523DD32E25C4305400C62C53 /* XCRemoteSwiftPackageReference "OpenVPNAdapter" */;
			productName = OpenVPNAdapter;
		};
		528287F725C9344D00CB0133 /* OpenVPNAdapter */ = {
			isa = XCSwiftPackageProductDependency;
			package = 523DD32E25C4305400C62C53 /* XCRemoteSwiftPackageReference "OpenVPNAdapter" */;
			productName = OpenVPNAdapter;
		};
		528287FB25C9371E00CB0133 /* SwiftJWT */ = {
			isa = XCSwiftPackageProductDependency;
			package = 523DD32125C3CC7000C62C53 /* XCRemoteSwiftPackageReference "Swift-JWT" */;
			productName = SwiftJWT;
		};
		528287FD25C9372200CB0133 /* SwiftyJSON */ = {
			isa = XCSwiftPackageProductDependency;
			package = 52EAFF9225C589F800713F7C /* XCRemoteSwiftPackageReference "SwiftyJSON" */;
			productName = SwiftyJSON;
		};
		528287FF25C9372600CB0133 /* Alamofire */ = {
			isa = XCSwiftPackageProductDependency;
			package = 523DD32925C3F0E100C62C53 /* XCRemoteSwiftPackageReference "Alamofire" */;
			productName = Alamofire;
		};
/* End XCSwiftPackageProductDependency section */
	};
	rootObject = 52D326F325AFFEBC00E69A5E /* Project object */;
}
