// !$*UTF8*$!
{
	archiveVersion = 1;
	classes = {
	};
	objectVersion = 52;
	objects = {

/* Begin PBXBuildFile section */
		523DD31E25C3BCFB00C62C53 /* LogINViewController.swift in Sources */ = {isa = PBXBuildFile; fileRef = 523DD31D25C3BCFB00C62C53 /* LogINViewController.swift */; };
		523DD32325C3CC7000C62C53 /* SwiftJWT in Frameworks */ = {isa = PBXBuildFile; productRef = 523DD32225C3CC7000C62C53 /* SwiftJWT */; };
		523DD32825C3F08F00C62C53 /* Service.swift in Sources */ = {isa = PBXBuildFile; fileRef = 523DD32725C3F08F00C62C53 /* Service.swift */; };
		523DD32B25C3F0E100C62C53 /* Alamofire in Frameworks */ = {isa = PBXBuildFile; productRef = 523DD32A25C3F0E100C62C53 /* Alamofire */; };
		523DD32D25C3F3DC00C62C53 /* ServerData.swift in Sources */ = {isa = PBXBuildFile; fileRef = 523DD32C25C3F3DC00C62C53 /* ServerData.swift */; };
		523DD33025C4305400C62C53 /* OpenVPNAdapter in Frameworks */ = {isa = PBXBuildFile; productRef = 523DD32F25C4305400C62C53 /* OpenVPNAdapter */; };
		523DD33425C4318000C62C53 /* ExternalAccessory.framework in Frameworks */ = {isa = PBXBuildFile; fileRef = 523DD33325C4318000C62C53 /* ExternalAccessory.framework */; };
		523DD33625C4342E00C62C53 /* PacketTunnelProvider.swift in Sources */ = {isa = PBXBuildFile; fileRef = 523DD33525C4342E00C62C53 /* PacketTunnelProvider.swift */; };
		5252BD2F25B0032D002C8E78 /* ServerViewController.swift in Sources */ = {isa = PBXBuildFile; fileRef = 5252BD2E25B0032D002C8E78 /* ServerViewController.swift */; };
		5252BD3125B0159C002C8E78 /* Server.swift in Sources */ = {isa = PBXBuildFile; fileRef = 5252BD3025B0159C002C8E78 /* Server.swift */; };
		52D326FF25AFFEBC00E69A5E /* AppDelegate.swift in Sources */ = {isa = PBXBuildFile; fileRef = 52D326FE25AFFEBC00E69A5E /* AppDelegate.swift */; };
		52D3270125AFFEBC00E69A5E /* SceneDelegate.swift in Sources */ = {isa = PBXBuildFile; fileRef = 52D3270025AFFEBC00E69A5E /* SceneDelegate.swift */; };
		52D3270325AFFEBC00E69A5E /* ViewController.swift in Sources */ = {isa = PBXBuildFile; fileRef = 52D3270225AFFEBC00E69A5E /* ViewController.swift */; };
		52D3270625AFFEBC00E69A5E /* Main.storyboard in Resources */ = {isa = PBXBuildFile; fileRef = 52D3270425AFFEBC00E69A5E /* Main.storyboard */; };
		52D3270825AFFEBE00E69A5E /* Assets.xcassets in Resources */ = {isa = PBXBuildFile; fileRef = 52D3270725AFFEBE00E69A5E /* Assets.xcassets */; };
		52D3270B25AFFEBE00E69A5E /* LaunchScreen.storyboard in Resources */ = {isa = PBXBuildFile; fileRef = 52D3270925AFFEBE00E69A5E /* LaunchScreen.storyboard */; };
		52E9340B25B01DFE00B53AD3 /* ServerCell.swift in Sources */ = {isa = PBXBuildFile; fileRef = 52E9340925B01DFE00B53AD3 /* ServerCell.swift */; };
		52E9340C25B01DFE00B53AD3 /* ServerCell.xib in Resources */ = {isa = PBXBuildFile; fileRef = 52E9340A25B01DFE00B53AD3 /* ServerCell.xib */; };
		52EAFF9425C589F800713F7C /* SwiftyJSON in Frameworks */ = {isa = PBXBuildFile; productRef = 52EAFF9325C589F800713F7C /* SwiftyJSON */; };
/* End PBXBuildFile section */

/* Begin PBXFileReference section */
		523DD31D25C3BCFB00C62C53 /* LogINViewController.swift */ = {isa = PBXFileReference; lastKnownFileType = sourcecode.swift; path = LogINViewController.swift; sourceTree = "<group>"; };
		523DD32725C3F08F00C62C53 /* Service.swift */ = {isa = PBXFileReference; lastKnownFileType = sourcecode.swift; path = Service.swift; sourceTree = "<group>"; };
		523DD32C25C3F3DC00C62C53 /* ServerData.swift */ = {isa = PBXFileReference; lastKnownFileType = sourcecode.swift; path = ServerData.swift; sourceTree = "<group>"; };
		523DD33125C4318000C62C53 /* VPNDemo1.entitlements */ = {isa = PBXFileReference; lastKnownFileType = text.plist.entitlements; path = VPNDemo1.entitlements; sourceTree = "<group>"; };
		523DD33325C4318000C62C53 /* ExternalAccessory.framework */ = {isa = PBXFileReference; lastKnownFileType = wrapper.framework; name = ExternalAccessory.framework; path = System/Library/Frameworks/ExternalAccessory.framework; sourceTree = SDKROOT; };
		523DD33525C4342E00C62C53 /* PacketTunnelProvider.swift */ = {isa = PBXFileReference; lastKnownFileType = sourcecode.swift; path = PacketTunnelProvider.swift; sourceTree = "<group>"; };
		5252BD2E25B0032D002C8E78 /* ServerViewController.swift */ = {isa = PBXFileReference; lastKnownFileType = sourcecode.swift; path = ServerViewController.swift; sourceTree = "<group>"; };
		5252BD3025B0159C002C8E78 /* Server.swift */ = {isa = PBXFileReference; lastKnownFileType = sourcecode.swift; path = Server.swift; sourceTree = "<group>"; };
		52D326FB25AFFEBC00E69A5E /* PhoenixVPN.app */ = {isa = PBXFileReference; explicitFileType = wrapper.application; includeInIndex = 0; path = PhoenixVPN.app; sourceTree = BUILT_PRODUCTS_DIR; };
		52D326FE25AFFEBC00E69A5E /* AppDelegate.swift */ = {isa = PBXFileReference; lastKnownFileType = sourcecode.swift; path = AppDelegate.swift; sourceTree = "<group>"; };
		52D3270025AFFEBC00E69A5E /* SceneDelegate.swift */ = {isa = PBXFileReference; lastKnownFileType = sourcecode.swift; path = SceneDelegate.swift; sourceTree = "<group>"; };
		52D3270225AFFEBC00E69A5E /* ViewController.swift */ = {isa = PBXFileReference; lastKnownFileType = sourcecode.swift; path = ViewController.swift; sourceTree = "<group>"; };
		52D3270525AFFEBC00E69A5E /* Base */ = {isa = PBXFileReference; lastKnownFileType = file.storyboard; name = Base; path = Base.lproj/Main.storyboard; sourceTree = "<group>"; };
		52D3270725AFFEBE00E69A5E /* Assets.xcassets */ = {isa = PBXFileReference; lastKnownFileType = folder.assetcatalog; path = Assets.xcassets; sourceTree = "<group>"; };
		52D3270A25AFFEBE00E69A5E /* Base */ = {isa = PBXFileReference; lastKnownFileType = file.storyboard; name = Base; path = Base.lproj/LaunchScreen.storyboard; sourceTree = "<group>"; };
		52D3270C25AFFEBE00E69A5E /* Info.plist */ = {isa = PBXFileReference; lastKnownFileType = text.plist.xml; path = Info.plist; sourceTree = "<group>"; };
		52E9340925B01DFE00B53AD3 /* ServerCell.swift */ = {isa = PBXFileReference; lastKnownFileType = sourcecode.swift; path = ServerCell.swift; sourceTree = "<group>"; };
		52E9340A25B01DFE00B53AD3 /* ServerCell.xib */ = {isa = PBXFileReference; lastKnownFileType = file.xib; path = ServerCell.xib; sourceTree = "<group>"; };
/* End PBXFileReference section */

/* Begin PBXFrameworksBuildPhase section */
		52D326F825AFFEBC00E69A5E /* Frameworks */ = {
			isa = PBXFrameworksBuildPhase;
			buildActionMask = 2147483647;
			files = (
				523DD32B25C3F0E100C62C53 /* Alamofire in Frameworks */,
				523DD33025C4305400C62C53 /* OpenVPNAdapter in Frameworks */,
				523DD33425C4318000C62C53 /* ExternalAccessory.framework in Frameworks */,
				52EAFF9425C589F800713F7C /* SwiftyJSON in Frameworks */,
				523DD32325C3CC7000C62C53 /* SwiftJWT in Frameworks */,
			);
			runOnlyForDeploymentPostprocessing = 0;
		};
/* End PBXFrameworksBuildPhase section */

/* Begin PBXGroup section */
		523DD33225C4318000C62C53 /* Frameworks */ = {
			isa = PBXGroup;
			children = (
				523DD33325C4318000C62C53 /* ExternalAccessory.framework */,
			);
			name = Frameworks;
			sourceTree = "<group>";
		};
		52D326F225AFFEBC00E69A5E = {
			isa = PBXGroup;
			children = (
				52D326FD25AFFEBC00E69A5E /* PhoenixVPN */,
				52D326FC25AFFEBC00E69A5E /* Products */,
				523DD33225C4318000C62C53 /* Frameworks */,
			);
			sourceTree = "<group>";
		};
		52D326FC25AFFEBC00E69A5E /* Products */ = {
			isa = PBXGroup;
			children = (
				52D326FB25AFFEBC00E69A5E /* PhoenixVPN.app */,
			);
			name = Products;
			sourceTree = "<group>";
		};
		52D326FD25AFFEBC00E69A5E /* PhoenixVPN */ = {
			isa = PBXGroup;
			children = (
				523DD33125C4318000C62C53 /* VPNDemo1.entitlements */,
				52D326FE25AFFEBC00E69A5E /* AppDelegate.swift */,
				52D3270025AFFEBC00E69A5E /* SceneDelegate.swift */,
				52D3270225AFFEBC00E69A5E /* ViewController.swift */,
				5252BD2E25B0032D002C8E78 /* ServerViewController.swift */,
				52D3270425AFFEBC00E69A5E /* Main.storyboard */,
				52D3270725AFFEBE00E69A5E /* Assets.xcassets */,
				52D3270925AFFEBE00E69A5E /* LaunchScreen.storyboard */,
				52D3270C25AFFEBE00E69A5E /* Info.plist */,
				5252BD3025B0159C002C8E78 /* Server.swift */,
				52E9340925B01DFE00B53AD3 /* ServerCell.swift */,
				52E9340A25B01DFE00B53AD3 /* ServerCell.xib */,
				523DD31D25C3BCFB00C62C53 /* LogINViewController.swift */,
				523DD32725C3F08F00C62C53 /* Service.swift */,
				523DD32C25C3F3DC00C62C53 /* ServerData.swift */,
				523DD33525C4342E00C62C53 /* PacketTunnelProvider.swift */,
			);
			path = PhoenixVPN;
			sourceTree = "<group>";
		};
/* End PBXGroup section */

/* Begin PBXNativeTarget section */
		52D326FA25AFFEBC00E69A5E /* PhoenixVPN */ = {
			isa = PBXNativeTarget;
			buildConfigurationList = 52D3270F25AFFEBE00E69A5E /* Build configuration list for PBXNativeTarget "PhoenixVPN" */;
			buildPhases = (
				52D326F725AFFEBC00E69A5E /* Sources */,
				52D326F825AFFEBC00E69A5E /* Frameworks */,
				52D326F925AFFEBC00E69A5E /* Resources */,
			);
			buildRules = (
			);
			dependencies = (
			);
			name = PhoenixVPN;
			packageProductDependencies = (
				523DD32225C3CC7000C62C53 /* SwiftJWT */,
				523DD32A25C3F0E100C62C53 /* Alamofire */,
				523DD32F25C4305400C62C53 /* OpenVPNAdapter */,
				52EAFF9325C589F800713F7C /* SwiftyJSON */,
			);
			productName = VPNDemo1;
			productReference = 52D326FB25AFFEBC00E69A5E /* PhoenixVPN.app */;
			productType = "com.apple.product-type.application";
		};
/* End PBXNativeTarget section */

/* Begin PBXProject section */
		52D326F325AFFEBC00E69A5E /* Project object */ = {
			isa = PBXProject;
			attributes = {
				LastSwiftUpdateCheck = 1170;
				LastUpgradeCheck = 1240;
				ORGANIZATIONNAME = "MacBook Pro";
				TargetAttributes = {
					52D326FA25AFFEBC00E69A5E = {
						CreatedOnToolsVersion = 11.7;
					};
				};
			};
			buildConfigurationList = 52D326F625AFFEBC00E69A5E /* Build configuration list for PBXProject "PhoenixVPN" */;
			compatibilityVersion = "Xcode 9.3";
			developmentRegion = en;
			hasScannedForEncodings = 0;
			knownRegions = (
				en,
				Base,
			);
			mainGroup = 52D326F225AFFEBC00E69A5E;
			packageReferences = (
				523DD32125C3CC7000C62C53 /* XCRemoteSwiftPackageReference "Swift-JWT" */,
				523DD32925C3F0E100C62C53 /* XCRemoteSwiftPackageReference "Alamofire" */,
				523DD32E25C4305400C62C53 /* XCRemoteSwiftPackageReference "OpenVPNAdapter" */,
				52EAFF9225C589F800713F7C /* XCRemoteSwiftPackageReference "SwiftyJSON" */,
			);
			productRefGroup = 52D326FC25AFFEBC00E69A5E /* Products */;
			projectDirPath = "";
			projectRoot = "";
			targets = (
				52D326FA25AFFEBC00E69A5E /* PhoenixVPN */,
			);
		};
/* End PBXProject section */

/* Begin PBXResourcesBuildPhase section */
		52D326F925AFFEBC00E69A5E /* Resources */ = {
			isa = PBXResourcesBuildPhase;
			buildActionMask = 2147483647;
			files = (
				52D3270B25AFFEBE00E69A5E /* LaunchScreen.storyboard in Resources */,
				52D3270825AFFEBE00E69A5E /* Assets.xcassets in Resources */,
				52E9340C25B01DFE00B53AD3 /* ServerCell.xib in Resources */,
				52D3270625AFFEBC00E69A5E /* Main.storyboard in Resources */,
			);
			runOnlyForDeploymentPostprocessing = 0;
		};
/* End PBXResourcesBuildPhase section */

/* Begin PBXSourcesBuildPhase section */
		52D326F725AFFEBC00E69A5E /* Sources */ = {
			isa = PBXSourcesBuildPhase;
			buildActionMask = 2147483647;
			files = (
				523DD33625C4342E00C62C53 /* PacketTunnelProvider.swift in Sources */,
				5252BD3125B0159C002C8E78 /* Server.swift in Sources */,
				523DD32825C3F08F00C62C53 /* Service.swift in Sources */,
				52D3270325AFFEBC00E69A5E /* ViewController.swift in Sources */,
				52D326FF25AFFEBC00E69A5E /* AppDelegate.swift in Sources */,
				52D3270125AFFEBC00E69A5E /* SceneDelegate.swift in Sources */,
				52E9340B25B01DFE00B53AD3 /* ServerCell.swift in Sources */,
				523DD32D25C3F3DC00C62C53 /* ServerData.swift in Sources */,
				5252BD2F25B0032D002C8E78 /* ServerViewController.swift in Sources */,
				523DD31E25C3BCFB00C62C53 /* LogINViewController.swift in Sources */,
			);
			runOnlyForDeploymentPostprocessing = 0;
		};
/* End PBXSourcesBuildPhase section */

/* Begin PBXVariantGroup section */
		52D3270425AFFEBC00E69A5E /* Main.storyboard */ = {
			isa = PBXVariantGroup;
			children = (
				52D3270525AFFEBC00E69A5E /* Base */,
			);
			name = Main.storyboard;
			sourceTree = "<group>";
		};
		52D3270925AFFEBE00E69A5E /* LaunchScreen.storyboard */ = {
			isa = PBXVariantGroup;
			children = (
				52D3270A25AFFEBE00E69A5E /* Base */,
			);
			name = LaunchScreen.storyboard;
			sourceTree = "<group>";
		};
/* End PBXVariantGroup section */

/* Begin XCBuildConfiguration section */
		52D3270D25AFFEBE00E69A5E /* Debug */ = {
			isa = XCBuildConfiguration;
			buildSettings = {
				ALWAYS_SEARCH_USER_PATHS = NO;
				CLANG_ANALYZER_NONNULL = YES;
				CLANG_ANALYZER_NUMBER_OBJECT_CONVERSION = YES_AGGRESSIVE;
				CLANG_CXX_LANGUAGE_STANDARD = "gnu++14";
				CLANG_CXX_LIBRARY = "libc++";
				CLANG_ENABLE_MODULES = YES;
				CLANG_ENABLE_OBJC_ARC = YES;
				CLANG_ENABLE_OBJC_WEAK = YES;
				CLANG_WARN_BLOCK_CAPTURE_AUTORELEASING = YES;
				CLANG_WARN_BOOL_CONVERSION = YES;
				CLANG_WARN_COMMA = YES;
				CLANG_WARN_CONSTANT_CONVERSION = YES;
				CLANG_WARN_DEPRECATED_OBJC_IMPLEMENTATIONS = YES;
				CLANG_WARN_DIRECT_OBJC_ISA_USAGE = YES_ERROR;
				CLANG_WARN_DOCUMENTATION_COMMENTS = YES;
				CLANG_WARN_EMPTY_BODY = YES;
				CLANG_WARN_ENUM_CONVERSION = YES;
				CLANG_WARN_INFINITE_RECURSION = YES;
				CLANG_WARN_INT_CONVERSION = YES;
				CLANG_WARN_NON_LITERAL_NULL_CONVERSION = YES;
				CLANG_WARN_OBJC_IMPLICIT_RETAIN_SELF = YES;
				CLANG_WARN_OBJC_LITERAL_CONVERSION = YES;
				CLANG_WARN_OBJC_ROOT_CLASS = YES_ERROR;
				CLANG_WARN_QUOTED_INCLUDE_IN_FRAMEWORK_HEADER = YES;
				CLANG_WARN_RANGE_LOOP_ANALYSIS = YES;
				CLANG_WARN_STRICT_PROTOTYPES = YES;
				CLANG_WARN_SUSPICIOUS_MOVE = YES;
				CLANG_WARN_UNGUARDED_AVAILABILITY = YES_AGGRESSIVE;
				CLANG_WARN_UNREACHABLE_CODE = YES;
				CLANG_WARN__DUPLICATE_METHOD_MATCH = YES;
				COPY_PHASE_STRIP = NO;
				DEBUG_INFORMATION_FORMAT = dwarf;
				ENABLE_STRICT_OBJC_MSGSEND = YES;
				ENABLE_TESTABILITY = YES;
				GCC_C_LANGUAGE_STANDARD = gnu11;
				GCC_DYNAMIC_NO_PIC = NO;
				GCC_NO_COMMON_BLOCKS = YES;
				GCC_OPTIMIZATION_LEVEL = 0;
				GCC_PREPROCESSOR_DEFINITIONS = (
					"DEBUG=1",
					"$(inherited)",
				);
				GCC_WARN_64_TO_32_BIT_CONVERSION = YES;
				GCC_WARN_ABOUT_RETURN_TYPE = YES_ERROR;
				GCC_WARN_UNDECLARED_SELECTOR = YES;
				GCC_WARN_UNINITIALIZED_AUTOS = YES_AGGRESSIVE;
				GCC_WARN_UNUSED_FUNCTION = YES;
				GCC_WARN_UNUSED_VARIABLE = YES;
				IPHONEOS_DEPLOYMENT_TARGET = 13.7;
				MTL_ENABLE_DEBUG_INFO = INCLUDE_SOURCE;
				MTL_FAST_MATH = YES;
				NEW_SETTING = "";
				ONLY_ACTIVE_ARCH = YES;
				SDKROOT = iphoneos;
				SWIFT_ACTIVE_COMPILATION_CONDITIONS = DEBUG;
				SWIFT_OPTIMIZATION_LEVEL = "-Onone";
			};
			name = Debug;
		};
		52D3270E25AFFEBE00E69A5E /* Release */ = {
			isa = XCBuildConfiguration;
			buildSettings = {
				ALWAYS_SEARCH_USER_PATHS = NO;
				CLANG_ANALYZER_NONNULL = YES;
				CLANG_ANALYZER_NUMBER_OBJECT_CONVERSION = YES_AGGRESSIVE;
				CLANG_CXX_LANGUAGE_STANDARD = "gnu++14";
				CLANG_CXX_LIBRARY = "libc++";
				CLANG_ENABLE_MODULES = YES;
				CLANG_ENABLE_OBJC_ARC = YES;
				CLANG_ENABLE_OBJC_WEAK = YES;
				CLANG_WARN_BLOCK_CAPTURE_AUTORELEASING = YES;
				CLANG_WARN_BOOL_CONVERSION = YES;
				CLANG_WARN_COMMA = YES;
				CLANG_WARN_CONSTANT_CONVERSION = YES;
				CLANG_WARN_DEPRECATED_OBJC_IMPLEMENTATIONS = YES;
				CLANG_WARN_DIRECT_OBJC_ISA_USAGE = YES_ERROR;
				CLANG_WARN_DOCUMENTATION_COMMENTS = YES;
				CLANG_WARN_EMPTY_BODY = YES;
				CLANG_WARN_ENUM_CONVERSION = YES;
				CLANG_WARN_INFINITE_RECURSION = YES;
				CLANG_WARN_INT_CONVERSION = YES;
				CLANG_WARN_NON_LITERAL_NULL_CONVERSION = YES;
				CLANG_WARN_OBJC_IMPLICIT_RETAIN_SELF = YES;
				CLANG_WARN_OBJC_LITERAL_CONVERSION = YES;
				CLANG_WARN_OBJC_ROOT_CLASS = YES_ERROR;
				CLANG_WARN_QUOTED_INCLUDE_IN_FRAMEWORK_HEADER = YES;
				CLANG_WARN_RANGE_LOOP_ANALYSIS = YES;
				CLANG_WARN_STRICT_PROTOTYPES = YES;
				CLANG_WARN_SUSPICIOUS_MOVE = YES;
				CLANG_WARN_UNGUARDED_AVAILABILITY = YES_AGGRESSIVE;
				CLANG_WARN_UNREACHABLE_CODE = YES;
				CLANG_WARN__DUPLICATE_METHOD_MATCH = YES;
				COPY_PHASE_STRIP = NO;
				DEBUG_INFORMATION_FORMAT = "dwarf-with-dsym";
				ENABLE_NS_ASSERTIONS = NO;
				ENABLE_STRICT_OBJC_MSGSEND = YES;
				GCC_C_LANGUAGE_STANDARD = gnu11;
				GCC_NO_COMMON_BLOCKS = YES;
				GCC_WARN_64_TO_32_BIT_CONVERSION = YES;
				GCC_WARN_ABOUT_RETURN_TYPE = YES_ERROR;
				GCC_WARN_UNDECLARED_SELECTOR = YES;
				GCC_WARN_UNINITIALIZED_AUTOS = YES_AGGRESSIVE;
				GCC_WARN_UNUSED_FUNCTION = YES;
				GCC_WARN_UNUSED_VARIABLE = YES;
				IPHONEOS_DEPLOYMENT_TARGET = 13.7;
				MTL_ENABLE_DEBUG_INFO = NO;
				MTL_FAST_MATH = YES;
				NEW_SETTING = "";
				SDKROOT = iphoneos;
				SWIFT_COMPILATION_MODE = wholemodule;
				SWIFT_OPTIMIZATION_LEVEL = "-O";
				VALIDATE_PRODUCT = YES;
			};
			name = Release;
		};
		52D3271025AFFEBE00E69A5E /* Debug */ = {
			isa = XCBuildConfiguration;
			buildSettings = {
				ASSETCATALOG_COMPILER_APPICON_NAME = AppIcon;
				CODE_SIGN_ENTITLEMENTS = VPNDemo1/VPNDemo1.entitlements;
				CODE_SIGN_STYLE = Automatic;
				DEVELOPMENT_TEAM = N3Y6ZRW43V;
				INFOPLIST_FILE = PhoenixVPN/Info.plist;
				LD_RUNPATH_SEARCH_PATHS = (
					"$(inherited)",
					"@executable_path/Frameworks",
				);
				PRODUCT_BUNDLE_IDENTIFIER = com.ahasanshuvo.VPNDemo1;
				PRODUCT_NAME = "$(TARGET_NAME)";
				SWIFT_VERSION = 5.0;
				TARGETED_DEVICE_FAMILY = "1,2";
			};
			name = Debug;
		};
		52D3271125AFFEBE00E69A5E /* Release */ = {
			isa = XCBuildConfiguration;
			buildSettings = {
				ASSETCATALOG_COMPILER_APPICON_NAME = AppIcon;
				CODE_SIGN_ENTITLEMENTS = VPNDemo1/VPNDemo1.entitlements;
				CODE_SIGN_STYLE = Automatic;
				DEVELOPMENT_TEAM = N3Y6ZRW43V;
				INFOPLIST_FILE = PhoenixVPN/Info.plist;
				LD_RUNPATH_SEARCH_PATHS = (
					"$(inherited)",
					"@executable_path/Frameworks",
				);
				PRODUCT_BUNDLE_IDENTIFIER = com.ahasanshuvo.VPNDemo1;
				PRODUCT_NAME = "$(TARGET_NAME)";
				SWIFT_VERSION = 5.0;
				TARGETED_DEVICE_FAMILY = "1,2";
			};
			name = Release;
		};
/* End XCBuildConfiguration section */

/* Begin XCConfigurationList section */
		52D326F625AFFEBC00E69A5E /* Build configuration list for PBXProject "PhoenixVPN" */ = {
			isa = XCConfigurationList;
			buildConfigurations = (
				52D3270D25AFFEBE00E69A5E /* Debug */,
				52D3270E25AFFEBE00E69A5E /* Release */,
			);
			defaultConfigurationIsVisible = 0;
			defaultConfigurationName = Release;
		};
		52D3270F25AFFEBE00E69A5E /* Build configuration list for PBXNativeTarget "PhoenixVPN" */ = {
			isa = XCConfigurationList;
			buildConfigurations = (
				52D3271025AFFEBE00E69A5E /* Debug */,
				52D3271125AFFEBE00E69A5E /* Release */,
			);
			defaultConfigurationIsVisible = 0;
			defaultConfigurationName = Release;
		};
/* End XCConfigurationList section */

/* Begin XCRemoteSwiftPackageReference section */
		523DD32125C3CC7000C62C53 /* XCRemoteSwiftPackageReference "Swift-JWT" */ = {
			isa = XCRemoteSwiftPackageReference;
			repositoryURL = "https://github.com/Kitura/Swift-JWT.git";
			requirement = {
				kind = upToNextMajorVersion;
				minimumVersion = 3.6.200;
			};
		};
		523DD32925C3F0E100C62C53 /* XCRemoteSwiftPackageReference "Alamofire" */ = {
			isa = XCRemoteSwiftPackageReference;
			repositoryURL = "https://github.com/Alamofire/Alamofire.git";
			requirement = {
				kind = upToNextMajorVersion;
				minimumVersion = 5.4.1;
			};
		};
		523DD32E25C4305400C62C53 /* XCRemoteSwiftPackageReference "OpenVPNAdapter" */ = {
			isa = XCRemoteSwiftPackageReference;
			repositoryURL = "https://github.com/ss-abramchuk/OpenVPNAdapter.git";
			requirement = {
				kind = upToNextMajorVersion;
				minimumVersion = 0.7.0;
			};
		};
		52EAFF9225C589F800713F7C /* XCRemoteSwiftPackageReference "SwiftyJSON" */ = {
			isa = XCRemoteSwiftPackageReference;
			repositoryURL = "https://github.com/SwiftyJSON/SwiftyJSON.git";
			requirement = {
				kind = upToNextMajorVersion;
				minimumVersion = 5.0.0;
			};
		};
/* End XCRemoteSwiftPackageReference section */

/* Begin XCSwiftPackageProductDependency section */
		523DD32225C3CC7000C62C53 /* SwiftJWT */ = {
			isa = XCSwiftPackageProductDependency;
			package = 523DD32125C3CC7000C62C53 /* XCRemoteSwiftPackageReference "Swift-JWT" */;
			productName = SwiftJWT;
		};
		523DD32A25C3F0E100C62C53 /* Alamofire */ = {
			isa = XCSwiftPackageProductDependency;
			package = 523DD32925C3F0E100C62C53 /* XCRemoteSwiftPackageReference "Alamofire" */;
			productName = Alamofire;
		};
		523DD32F25C4305400C62C53 /* OpenVPNAdapter */ = {
			isa = XCSwiftPackageProductDependency;
			package = 523DD32E25C4305400C62C53 /* XCRemoteSwiftPackageReference "OpenVPNAdapter" */;
			productName = OpenVPNAdapter;
		};
		52EAFF9325C589F800713F7C /* SwiftyJSON */ = {
			isa = XCSwiftPackageProductDependency;
			package = 52EAFF9225C589F800713F7C /* XCRemoteSwiftPackageReference "SwiftyJSON" */;
			productName = SwiftyJSON;
		};
/* End XCSwiftPackageProductDependency section */
	};
	rootObject = 52D326F325AFFEBC00E69A5E /* Project object */;
}
